
Microsoft Visual Studio Solution File, Format Version 10.00
# Visual Studio 2008
Project("{2150E333-8FDC-42A3-9474-1A3956D46DE8}") = "01. UIKernel", "01. UIKernel", "{9BC3BA70-7C40-4AC5-8658-1416418E2BF7}"
EndProject
Project("{8BC9CEB8-8B4A-11D0-8D11-00A0C91BC942}") = "UISDK", "UISDK\Project\UIDLL\UIDLL.vcproj", "{22E7B19A-E31D-4C3B-9F15-D81503356FBD}"
	ProjectSection(ProjectDependencies) = postProject
		{0C58D90D-34EF-4399-BCEF-F6C3A0F9A101} = {0C58D90D-34EF-4399-BCEF-F6C3A0F9A101}
		{975DDB56-BA3F-4E91-B9DE-569D0976B04D} = {975DDB56-BA3F-4E91-B9DE-569D0976B04D}
		{1D7048B9-414F-4C7C-99B9-8072A95B5BDA} = {1D7048B9-414F-4C7C-99B9-8072A95B5BDA}
	EndProjectSection
EndProject
Project("{8BC9CEB8-8B4A-11D0-8D11-00A0C91BC942}") = "UICtrls", "UISDK\Project\UICtrls\UICtrls.vcproj", "{A04EE44B-3263-42AE-97C3-1F394294D569}"
	ProjectSection(ProjectDependencies) = postProject
		{22E7B19A-E31D-4C3B-9F15-D81503356FBD} = {22E7B19A-E31D-4C3B-9F15-D81503356FBD}
	EndProjectSection
EndProject
Project("{8BC9CEB8-8B4A-11D0-8D11-00A0C91BC942}") = "UIUtil", "UISDK\Project\UIUtil\UIUtil.vcproj", "{975DDB56-BA3F-4E91-B9DE-569D0976B04D}"
EndProject
Project("{8BC9CEB8-8B4A-11D0-8D11-00A0C91BC942}") = "UILog", "UISDK\Project\UILog\UILog.vcproj", "{0C58D90D-34EF-4399-BCEF-F6C3A0F9A101}"
	ProjectSection(ProjectDependencies) = postProject
		{975DDB56-BA3F-4E91-B9DE-569D0976B04D} = {975DDB56-BA3F-4E91-B9DE-569D0976B04D}
	EndProjectSection
EndProject
Project("{2150E333-8FDC-42A3-9474-1A3956D46DE8}") = "02. Editor", "02. Editor", "{ECC44E28-0292-44BD-AC84-84502BF4C458}"
EndProject
Project("{8BC9CEB8-8B4A-11D0-8D11-00A0C91BC942}") = "UIEditorCtrl", "UISDK\Project\UIEditorCtrl\UIEditorCtrl.vcproj", "{1BE564CD-B6B7-44D3-AE36-9B5FF5A8289B}"
	ProjectSection(ProjectDependencies) = postProject
		{A04EE44B-3263-42AE-97C3-1F394294D569} = {A04EE44B-3263-42AE-97C3-1F394294D569}
	EndProjectSection
EndProject
Project("{8BC9CEB8-8B4A-11D0-8D11-00A0C91BC942}") = "UIEditor", "UISDK\Project\UIEditor\UIEditor.vcproj", "{51A58115-5A39-413D-926D-A7A5ADEE84C2}"
	ProjectSection(ProjectDependencies) = postProject
		{22E7B19A-E31D-4C3B-9F15-D81503356FBD} = {22E7B19A-E31D-4C3B-9F15-D81503356FBD}
		{1BE564CD-B6B7-44D3-AE36-9B5FF5A8289B} = {1BE564CD-B6B7-44D3-AE36-9B5FF5A8289B}
	EndProjectSection
EndProject
Project("{8BC9CEB8-8B4A-11D0-8D11-00A0C91BC942}") = "UICompositor", "UISDK\Project\UICompositor\UICompositor.vcproj", "{1D7048B9-414F-4C7C-99B9-8072A95B5BDA}"
EndProject
Project("{2150E333-8FDC-42A3-9474-1A3956D46DE8}") = "03. Demo", "03. Demo", "{3E8B24CC-1A45-4545-B332-B0BB8F3DA4B1}"
EndProject
Project("{8BC9CEB8-8B4A-11D0-8D11-00A0C91BC942}") = "ImageRotate3D", "Demo\ImageRotate3D\ImageRotate3D.vcproj", "{364581CF-1D55-438C-9365-00AF55DB5099}"
	ProjectSection(ProjectDependencies) = postProject
		{A04EE44B-3263-42AE-97C3-1F394294D569} = {A04EE44B-3263-42AE-97C3-1F394294D569}
	EndProjectSection
EndProject
Project("{8BC9CEB8-8B4A-11D0-8D11-00A0C91BC942}") = "Leaves", "Demo\Leaves\Leaves.vcproj", "{9908A862-2348-48C0-9E76-2BC3707A00CA}"
	ProjectSection(ProjectDependencies) = postProject
		{A04EE44B-3263-42AE-97C3-1F394294D569} = {A04EE44B-3263-42AE-97C3-1F394294D569}
	EndProjectSection
EndProject
Project("{8BC9CEB8-8B4A-11D0-8D11-00A0C91BC942}") = "RichEditGif", "Demo\RichEditGif\RichEditGif.vcproj", "{9B1C6C5D-783D-4210-B764-3855D1821644}"
	ProjectSection(ProjectDependencies) = postProject
		{A04EE44B-3263-42AE-97C3-1F394294D569} = {A04EE44B-3263-42AE-97C3-1F394294D569}
	EndProjectSection
EndProject
Project("{8BC9CEB8-8B4A-11D0-8D11-00A0C91BC942}") = "RichEditBubble", "Demo\RichEditBubble\RichEditBubble.vcproj", "{1AE78105-E244-45D3-9C97-27DD8111C0B4}"
	ProjectSection(ProjectDependencies) = postProject
		{A04EE44B-3263-42AE-97C3-1F394294D569} = {A04EE44B-3263-42AE-97C3-1F394294D569}
	EndProjectSection
EndProject
Global
	GlobalSection(SolutionConfigurationPlatforms) = preSolution
		Debug|Win32 = Debug|Win32
		Release|Win32 = Release|Win32
	EndGlobalSection
	GlobalSection(ProjectConfigurationPlatforms) = postSolution
		{22E7B19A-E31D-4C3B-9F15-D81503356FBD}.Debug|Win32.ActiveCfg = Debug|Win32
		{22E7B19A-E31D-4C3B-9F15-D81503356FBD}.Debug|Win32.Build.0 = Debug|Win32
		{22E7B19A-E31D-4C3B-9F15-D81503356FBD}.Release|Win32.ActiveCfg = Release|Win32
		{22E7B19A-E31D-4C3B-9F15-D81503356FBD}.Release|Win32.Build.0 = Release|Win32
		{A04EE44B-3263-42AE-97C3-1F394294D569}.Debug|Win32.ActiveCfg = Debug|Win32
		{A04EE44B-3263-42AE-97C3-1F394294D569}.Debug|Win32.Build.0 = Debug|Win32
		{A04EE44B-3263-42AE-97C3-1F394294D569}.Release|Win32.ActiveCfg = Release|Win32
		{A04EE44B-3263-42AE-97C3-1F394294D569}.Release|Win32.Build.0 = Release|Win32
		{975DDB56-BA3F-4E91-B9DE-569D0976B04D}.Debug|Win32.ActiveCfg = Debug|Win32
		{975DDB56-BA3F-4E91-B9DE-569D0976B04D}.Debug|Win32.Build.0 = Debug|Win32
		{975DDB56-BA3F-4E91-B9DE-569D0976B04D}.Release|Win32.ActiveCfg = Release|Win32
		{975DDB56-BA3F-4E91-B9DE-569D0976B04D}.Release|Win32.Build.0 = Release|Win32
		{0C58D90D-34EF-4399-BCEF-F6C3A0F9A101}.Debug|Win32.ActiveCfg = Debug|Win32
		{0C58D90D-34EF-4399-BCEF-F6C3A0F9A101}.Debug|Win32.Build.0 = Debug|Win32
		{0C58D90D-34EF-4399-BCEF-F6C3A0F9A101}.Release|Win32.ActiveCfg = Release|Win32
		{0C58D90D-34EF-4399-BCEF-F6C3A0F9A101}.Release|Win32.Build.0 = Release|Win32
		{1BE564CD-B6B7-44D3-AE36-9B5FF5A8289B}.Debug|Win32.ActiveCfg = Debug|Win32
		{1BE564CD-B6B7-44D3-AE36-9B5FF5A8289B}.Debug|Win32.Build.0 = Debug|Win32
		{1BE564CD-B6B7-44D3-AE36-9B5FF5A8289B}.Release|Win32.ActiveCfg = Release|Win32
		{1BE564CD-B6B7-44D3-AE36-9B5FF5A8289B}.Release|Win32.Build.0 = Release|Win32
		{51A58115-5A39-413D-926D-A7A5ADEE84C2}.Debug|Win32.ActiveCfg = Debug|Win32
		{51A58115-5A39-413D-926D-A7A5ADEE84C2}.Debug|Win32.Build.0 = Debug|Win32
		{51A58115-5A39-413D-926D-A7A5ADEE84C2}.Release|Win32.ActiveCfg = Release|Win32
		{51A58115-5A39-413D-926D-A7A5ADEE84C2}.Release|Win32.Build.0 = Release|Win32
		{1D7048B9-414F-4C7C-99B9-8072A95B5BDA}.Debug|Win32.ActiveCfg = Debug|Win32
		{1D7048B9-414F-4C7C-99B9-8072A95B5BDA}.Debug|Win32.Build.0 = Debug|Win32
		{1D7048B9-414F-4C7C-99B9-8072A95B5BDA}.Release|Win32.ActiveCfg = Release|Win32
		{1D7048B9-414F-4C7C-99B9-8072A95B5BDA}.Release|Win32.Build.0 = Release|Win32
		{364581CF-1D55-438C-9365-00AF55DB5099}.Debug|Win32.ActiveCfg = Debug|Win32
		{364581CF-1D55-438C-9365-00AF55DB5099}.Debug|Win32.Build.0 = Debug|Win32
		{364581CF-1D55-438C-9365-00AF55DB5099}.Release|Win32.ActiveCfg = Release|Win32
		{364581CF-1D55-438C-9365-00AF55DB5099}.Release|Win32.Build.0 = Release|Win32
		{9908A862-2348-48C0-9E76-2BC3707A00CA}.Debug|Win32.ActiveCfg = Debug|Win32
		{9908A862-2348-48C0-9E76-2BC3707A00CA}.Debug|Win32.Build.0 = Debug|Win32
		{9908A862-2348-48C0-9E76-2BC3707A00CA}.Release|Win32.ActiveCfg = Release|Win32
		{9908A862-2348-48C0-9E76-2BC3707A00CA}.Release|Win32.Build.0 = Release|Win32
		{9B1C6C5D-783D-4210-B764-3855D1821644}.Debug|Win32.ActiveCfg = Debug|Win32
		{9B1C6C5D-783D-4210-B764-3855D1821644}.Debug|Win32.Build.0 = Debug|Win32
		{9B1C6C5D-783D-4210-B764-3855D1821644}.Release|Win32.ActiveCfg = Release|Win32
		{9B1C6C5D-783D-4210-B764-3855D1821644}.Release|Win32.Build.0 = Release|Win32
		{1AE78105-E244-45D3-9C97-27DD8111C0B4}.Debug|Win32.ActiveCfg = Debug|Win32
		{1AE78105-E244-45D3-9C97-27DD8111C0B4}.Debug|Win32.Build.0 = Debug|Win32
		{1AE78105-E244-45D3-9C97-27DD8111C0B4}.Release|Win32.ActiveCfg = Release|Win32
		{1AE78105-E244-45D3-9C97-27DD8111C0B4}.Release|Win32.Build.0 = Release|Win32
	EndGlobalSection
	GlobalSection(SolutionProperties) = preSolution
		HideSolutionNode = FALSE
	EndGlobalSection
	GlobalSection(NestedProjects) = preSolution
		{22E7B19A-E31D-4C3B-9F15-D81503356FBD} = {9BC3BA70-7C40-4AC5-8658-1416418E2BF7}
		{A04EE44B-3263-42AE-97C3-1F394294D569} = {9BC3BA70-7C40-4AC5-8658-1416418E2BF7}
		{975DDB56-BA3F-4E91-B9DE-569D0976B04D} = {9BC3BA70-7C40-4AC5-8658-1416418E2BF7}
		{0C58D90D-34EF-4399-BCEF-F6C3A0F9A101} = {9BC3BA70-7C40-4AC5-8658-1416418E2BF7}
		{1D7048B9-414F-4C7C-99B9-8072A95B5BDA} = {9BC3BA70-7C40-4AC5-8658-1416418E2BF7}
		{1BE564CD-B6B7-44D3-AE36-9B5FF5A8289B} = {ECC44E28-0292-44BD-AC84-84502BF4C458}
		{51A58115-5A39-413D-926D-A7A5ADEE84C2} = {ECC44E28-0292-44BD-AC84-84502BF4C458}
		{364581CF-1D55-438C-9365-00AF55DB5099} = {3E8B24CC-1A45-4545-B332-B0BB8F3DA4B1}
		{9908A862-2348-48C0-9E76-2BC3707A00CA} = {3E8B24CC-1A45-4545-B332-B0BB8F3DA4B1}
		{9B1C6C5D-783D-4210-B764-3855D1821644} = {3E8B24CC-1A45-4545-B332-B0BB8F3DA4B1}
		{1AE78105-E244-45D3-9C97-27DD8111C0B4} = {3E8B24CC-1A45-4545-B332-B0BB8F3DA4B1}
	EndGlobalSection
EndGlobal
